
Microsoft Visual Studio Solution File, Format Version 12.00
# Visual Studio Version 17
VisualStudioVersion = 17.3.32728.150
MinimumVisualStudioVersion = 10.0.40219.1
Project("{9A19103F-16F7-4668-BE54-9A1E7A4F7556}") = "StorageService", "StorageService\StorageService.csproj", "{C496C5FA-6045-4878-8662-B7DE87E42B8B}"
EndProject
Project("{9A19103F-16F7-4668-BE54-9A1E7A4F7556}") = "Storage.Data", "Storage.Data\Storage.Data.csproj", "{74C03A9B-841F-47C8-8A2E-C7232577EDF4}"
EndProject
Project("{FAE04EC0-301F-11D3-BF4B-00C04F79EFBC}") = "StoreService.Test", "StoreService.Test\StoreService.Test.csproj", "{3EC3CB58-C9B6-4E5E-80B2-A2B9890461AA}"
EndProject
Global
	GlobalSection(SolutionConfigurationPlatforms) = preSolution
		Debug|Any CPU = Debug|Any CPU
		Release|Any CPU = Release|Any CPU
	EndGlobalSection
	GlobalSection(ProjectConfigurationPlatforms) = postSolution
		{C496C5FA-6045-4878-8662-B7DE87E42B8B}.Debug|Any CPU.ActiveCfg = Debug|Any CPU
		{C496C5FA-6045-4878-8662-B7DE87E42B8B}.Debug|Any CPU.Build.0 = Debug|Any CPU
		{C496C5FA-6045-4878-8662-B7DE87E42B8B}.Release|Any CPU.ActiveCfg = Release|Any CPU
		{C496C5FA-6045-4878-8662-B7DE87E42B8B}.Release|Any CPU.Build.0 = Release|Any CPU
		{74C03A9B-841F-47C8-8A2E-C7232577EDF4}.Debug|Any CPU.ActiveCfg = Debug|Any CPU
		{74C03A9B-841F-47C8-8A2E-C7232577EDF4}.Debug|Any CPU.Build.0 = Debug|Any CPU
		{74C03A9B-841F-47C8-8A2E-C7232577EDF4}.Release|Any CPU.ActiveCfg = Release|Any CPU
		{74C03A9B-841F-47C8-8A2E-C7232577EDF4}.Release|Any CPU.Build.0 = Release|Any CPU
		{3EC3CB58-C9B6-4E5E-80B2-A2B9890461AA}.Debug|Any CPU.ActiveCfg = Debug|Any CPU
		{3EC3CB58-C9B6-4E5E-80B2-A2B9890461AA}.Debug|Any CPU.Build.0 = Debug|Any CPU
		{3EC3CB58-C9B6-4E5E-80B2-A2B9890461AA}.Release|Any CPU.ActiveCfg = Release|Any CPU
		{3EC3CB58-C9B6-4E5E-80B2-A2B9890461AA}.Release|Any CPU.Build.0 = Release|Any CPU
	EndGlobalSection
	GlobalSection(SolutionProperties) = preSolution
		HideSolutionNode = FALSE
	EndGlobalSection
	GlobalSection(ExtensibilityGlobals) = postSolution
		SolutionGuid = {DCE39A8A-895C-4812-A9A8-3DF92FA6A95A}
	EndGlobalSection
EndGlobal
